
Microsoft Visual Studio Solution File, Format Version 12.00
# Visual Studio Version 16
VisualStudioVersion = 16.0.31829.152
MinimumVisualStudioVersion = 10.0.40219.1
Project("{FAE04EC0-301F-11D3-BF4B-00C04F79EFBC}") = "Sarkofag", "Sarkofag\Sarkofag.csproj", "{56FEABD7-EC92-4CD3-9711-711AA000B971}"
EndProject
Global
	GlobalSection(SolutionConfigurationPlatforms) = preSolution
		Debug|Any CPU = Debug|Any CPU
		Release|Any CPU = Release|Any CPU
	EndGlobalSection
	GlobalSection(ProjectConfigurationPlatforms) = postSolution
		{56FEABD7-EC92-4CD3-9711-711AA000B971}.Debug|Any CPU.ActiveCfg = Debug|Any CPU
		{56FEABD7-EC92-4CD3-9711-711AA000B971}.Debug|Any CPU.Build.0 = Debug|Any CPU
		{56FEABD7-EC92-4CD3-9711-711AA000B971}.Release|Any CPU.ActiveCfg = Release|Any CPU
		{56FEABD7-EC92-4CD3-9711-711AA000B971}.Release|Any CPU.Build.0 = Release|Any CPU
	EndGlobalSection
	GlobalSection(SolutionProperties) = preSolution
		HideSolutionNode = FALSE
	EndGlobalSection
	GlobalSection(ExtensibilityGlobals) = postSolution
		SolutionGuid = {541F4196-059D-4917-B9A8-3128675B7131}
	EndGlobalSection
EndGlobal
